// !$*UTF8*$!
{
	archiveVersion = 1;
	classes = {
	};
	objectVersion = 46;
	objects = {

/* Begin PBXBuildFile section */
		44E5845F75C5E717A39196B6 /* Pods_social.framework in Frameworks */ = {isa = PBXBuildFile; fileRef = 15D12074CF71BE2524914E59 /* Pods_social.framework */; };
		61F2B1CA1ECDFC780007D435 /* AppDelegate.swift in Sources */ = {isa = PBXBuildFile; fileRef = 61F2B1C91ECDFC780007D435 /* AppDelegate.swift */; };
		61F2B1CC1ECDFC780007D435 /* SingInVC.swift in Sources */ = {isa = PBXBuildFile; fileRef = 61F2B1CB1ECDFC780007D435 /* SingInVC.swift */; };
		61F2B1CF1ECDFC780007D435 /* Main.storyboard in Resources */ = {isa = PBXBuildFile; fileRef = 61F2B1CD1ECDFC780007D435 /* Main.storyboard */; };
		61F2B1D11ECDFC780007D435 /* Assets.xcassets in Resources */ = {isa = PBXBuildFile; fileRef = 61F2B1D01ECDFC780007D435 /* Assets.xcassets */; };
		61F2B1D41ECDFC780007D435 /* LaunchScreen.storyboard in Resources */ = {isa = PBXBuildFile; fileRef = 61F2B1D21ECDFC780007D435 /* LaunchScreen.storyboard */; };
		61F2B1DC1ECDFD540007D435 /* GoogleService-Info.plist in Resources */ = {isa = PBXBuildFile; fileRef = 61F2B1DB1ECDFD540007D435 /* GoogleService-Info.plist */; };
/* End PBXBuildFile section */

/* Begin PBXFileReference section */
		15D12074CF71BE2524914E59 /* Pods_social.framework */ = {isa = PBXFileReference; explicitFileType = wrapper.framework; includeInIndex = 0; path = Pods_social.framework; sourceTree = BUILT_PRODUCTS_DIR; };
		218BFF400F663E51748F243E /* Pods-social.release.xcconfig */ = {isa = PBXFileReference; includeInIndex = 1; lastKnownFileType = text.xcconfig; name = "Pods-social.release.xcconfig"; path = "Pods/Target Support Files/Pods-social/Pods-social.release.xcconfig"; sourceTree = "<group>"; };
		61F2B1C61ECDFC780007D435 /* social.app */ = {isa = PBXFileReference; explicitFileType = wrapper.application; includeInIndex = 0; path = social.app; sourceTree = BUILT_PRODUCTS_DIR; };
		61F2B1C91ECDFC780007D435 /* AppDelegate.swift */ = {isa = PBXFileReference; lastKnownFileType = sourcecode.swift; path = AppDelegate.swift; sourceTree = "<group>"; };
		61F2B1CB1ECDFC780007D435 /* SingInVC.swift */ = {isa = PBXFileReference; lastKnownFileType = sourcecode.swift; path = SingInVC.swift; sourceTree = "<group>"; };
		61F2B1CE1ECDFC780007D435 /* Base */ = {isa = PBXFileReference; lastKnownFileType = file.storyboard; name = Base; path = Base.lproj/Main.storyboard; sourceTree = "<group>"; };
		61F2B1D01ECDFC780007D435 /* Assets.xcassets */ = {isa = PBXFileReference; lastKnownFileType = folder.assetcatalog; path = Assets.xcassets; sourceTree = "<group>"; };
		61F2B1D31ECDFC780007D435 /* Base */ = {isa = PBXFileReference; lastKnownFileType = file.storyboard; name = Base; path = Base.lproj/LaunchScreen.storyboard; sourceTree = "<group>"; };
		61F2B1D51ECDFC780007D435 /* Info.plist */ = {isa = PBXFileReference; lastKnownFileType = text.plist.xml; path = Info.plist; sourceTree = "<group>"; };
		61F2B1DB1ECDFD540007D435 /* GoogleService-Info.plist */ = {isa = PBXFileReference; fileEncoding = 4; lastKnownFileType = text.plist.xml; path = "GoogleService-Info.plist"; sourceTree = "<group>"; };
		6D9595E2A838D50F379C887D /* Pods-social.debug.xcconfig */ = {isa = PBXFileReference; includeInIndex = 1; lastKnownFileType = text.xcconfig; name = "Pods-social.debug.xcconfig"; path = "Pods/Target Support Files/Pods-social/Pods-social.debug.xcconfig"; sourceTree = "<group>"; };
/* End PBXFileReference section */

/* Begin PBXFrameworksBuildPhase section */
		61F2B1C31ECDFC780007D435 /* Frameworks */ = {
			isa = PBXFrameworksBuildPhase;
			buildActionMask = 2147483647;
			files = (
				44E5845F75C5E717A39196B6 /* Pods_social.framework in Frameworks */,
			);
			runOnlyForDeploymentPostprocessing = 0;
		};
/* End PBXFrameworksBuildPhase section */

/* Begin PBXGroup section */
		615184856C5D640B45C50BB2 /* Frameworks */ = {
			isa = PBXGroup;
			children = (
				15D12074CF71BE2524914E59 /* Pods_social.framework */,
			);
			name = Frameworks;
			sourceTree = "<group>";
		};
		61F2B1BD1ECDFC780007D435 = {
			isa = PBXGroup;
			children = (
				61F2B1C81ECDFC780007D435 /* social */,
				61F2B1C71ECDFC780007D435 /* Products */,
				F78F07A52AC630F28F44B422 /* Pods */,
				615184856C5D640B45C50BB2 /* Frameworks */,
			);
			sourceTree = "<group>";
		};
		61F2B1C71ECDFC780007D435 /* Products */ = {
			isa = PBXGroup;
			children = (
				61F2B1C61ECDFC780007D435 /* social.app */,
			);
			name = Products;
			sourceTree = "<group>";
		};
		61F2B1C81ECDFC780007D435 /* social */ = {
			isa = PBXGroup;
			children = (
				61F2B1C91ECDFC780007D435 /* AppDelegate.swift */,
				61F2B1CB1ECDFC780007D435 /* SingInVC.swift */,
				61F2B1CD1ECDFC780007D435 /* Main.storyboard */,
				61F2B1D01ECDFC780007D435 /* Assets.xcassets */,
				61F2B1D21ECDFC780007D435 /* LaunchScreen.storyboard */,
				61F2B1D51ECDFC780007D435 /* Info.plist */,
				61F2B1DB1ECDFD540007D435 /* GoogleService-Info.plist */,
			);
			path = social;
			sourceTree = "<group>";
		};
		F78F07A52AC630F28F44B422 /* Pods */ = {
			isa = PBXGroup;
			children = (
				6D9595E2A838D50F379C887D /* Pods-social.debug.xcconfig */,
				218BFF400F663E51748F243E /* Pods-social.release.xcconfig */,
			);
			name = Pods;
			sourceTree = "<group>";
		};
/* End PBXGroup section */

/* Begin PBXNativeTarget section */
		61F2B1C51ECDFC780007D435 /* social */ = {
			isa = PBXNativeTarget;
			buildConfigurationList = 61F2B1D81ECDFC780007D435 /* Build configuration list for PBXNativeTarget "social" */;
			buildPhases = (
				9465AE5F2F9B96B33840EFEA /* [CP] Check Pods Manifest.lock */,
				61F2B1C21ECDFC780007D435 /* Sources */,
				61F2B1C31ECDFC780007D435 /* Frameworks */,
				61F2B1C41ECDFC780007D435 /* Resources */,
				92D2D3138943717D98F10854 /* [CP] Embed Pods Frameworks */,
				32E8CEFD764EDAA41326E993 /* [CP] Copy Pods Resources */,
			);
			buildRules = (
			);
			dependencies = (
			);
			name = social;
			productName = social;
			productReference = 61F2B1C61ECDFC780007D435 /* social.app */;
			productType = "com.apple.product-type.application";
		};
/* End PBXNativeTarget section */

/* Begin PBXProject section */
		61F2B1BE1ECDFC780007D435 /* Project object */ = {
			isa = PBXProject;
			attributes = {
				LastSwiftUpdateCheck = 0830;
				LastUpgradeCheck = 0830;
				ORGANIZATIONNAME = "Joel Garcia";
				TargetAttributes = {
					61F2B1C51ECDFC780007D435 = {
						CreatedOnToolsVersion = 8.3;
						DevelopmentTeam = JRARY94VTH;
						ProvisioningStyle = Automatic;
					};
				};
			};
			buildConfigurationList = 61F2B1C11ECDFC780007D435 /* Build configuration list for PBXProject "social" */;
			compatibilityVersion = "Xcode 3.2";
			developmentRegion = English;
			hasScannedForEncodings = 0;
			knownRegions = (
				en,
				Base,
			);
			mainGroup = 61F2B1BD1ECDFC780007D435;
			productRefGroup = 61F2B1C71ECDFC780007D435 /* Products */;
			projectDirPath = "";
			projectRoot = "";
			targets = (
				61F2B1C51ECDFC780007D435 /* social */,
			);
		};
/* End PBXProject section */

/* Begin PBXResourcesBuildPhase section */
		61F2B1C41ECDFC780007D435 /* Resources */ = {
			isa = PBXResourcesBuildPhase;
			buildActionMask = 2147483647;
			files = (
				61F2B1D41ECDFC780007D435 /* LaunchScreen.storyboard in Resources */,
				61F2B1DC1ECDFD540007D435 /* GoogleService-Info.plist in Resources */,
				61F2B1D11ECDFC780007D435 /* Assets.xcassets in Resources */,
				61F2B1CF1ECDFC780007D435 /* Main.storyboard in Resources */,
			);
			runOnlyForDeploymentPostprocessing = 0;
		};
/* End PBXResourcesBuildPhase section */

/* Begin PBXShellScriptBuildPhase section */
		32E8CEFD764EDAA41326E993 /* [CP] Copy Pods Resources */ = {
			isa = PBXShellScriptBuildPhase;
			buildActionMask = 2147483647;
			files = (
			);
			inputPaths = (
			);
			name = "[CP] Copy Pods Resources";
			outputPaths = (
			);
			runOnlyForDeploymentPostprocessing = 0;
			shellPath = /bin/sh;
			shellScript = "\"${SRCROOT}/Pods/Target Support Files/Pods-social/Pods-social-resources.sh\"\n";
			showEnvVarsInLog = 0;
		};
		92D2D3138943717D98F10854 /* [CP] Embed Pods Frameworks */ = {
			isa = PBXShellScriptBuildPhase;
			buildActionMask = 2147483647;
			files = (
			);
			inputPaths = (
			);
			name = "[CP] Embed Pods Frameworks";
			outputPaths = (
			);
			runOnlyForDeploymentPostprocessing = 0;
			shellPath = /bin/sh;
			shellScript = "\"${SRCROOT}/Pods/Target Support Files/Pods-social/Pods-social-frameworks.sh\"\n";
			showEnvVarsInLog = 0;
		};
		9465AE5F2F9B96B33840EFEA /* [CP] Check Pods Manifest.lock */ = {
			isa = PBXShellScriptBuildPhase;
			buildActionMask = 2147483647;
			files = (
			);
			inputPaths = (
			);
			name = "[CP] Check Pods Manifest.lock";
			outputPaths = (
			);
			runOnlyForDeploymentPostprocessing = 0;
			shellPath = /bin/sh;
			shellScript = "diff \"${PODS_PODFILE_DIR_PATH}/Podfile.lock\" \"${PODS_ROOT}/Manifest.lock\" > /dev/null\nif [ $? != 0 ] ; then\n    # print error to STDERR\n    echo \"error: The sandbox is not in sync with the Podfile.lock. Run 'pod install' or update your CocoaPods installation.\" >&2\n    exit 1\nfi\n";
			showEnvVarsInLog = 0;
		};
/* End PBXShellScriptBuildPhase section */

/* Begin PBXSourcesBuildPhase section */
		61F2B1C21ECDFC780007D435 /* Sources */ = {
			isa = PBXSourcesBuildPhase;
			buildActionMask = 2147483647;
			files = (
				61F2B1CC1ECDFC780007D435 /* SingInVC.swift in Sources */,
				61F2B1CA1ECDFC780007D435 /* AppDelegate.swift in Sources */,
			);
			runOnlyForDeploymentPostprocessing = 0;
		};
/* End PBXSourcesBuildPhase section */

/* Begin PBXVariantGroup section */
		61F2B1CD1ECDFC780007D435 /* Main.storyboard */ = {
			isa = PBXVariantGroup;
			children = (
				61F2B1CE1ECDFC780007D435 /* Base */,
			);
			name = Main.storyboard;
			sourceTree = "<group>";
		};
		61F2B1D21ECDFC780007D435 /* LaunchScreen.storyboard */ = {
			isa = PBXVariantGroup;
			children = (
				61F2B1D31ECDFC780007D435 /* Base */,
			);
			name = LaunchScreen.storyboard;
			sourceTree = "<group>";
		};
/* End PBXVariantGroup section */

/* Begin XCBuildConfiguration section */
		61F2B1D61ECDFC780007D435 /* Debug */ = {
			isa = XCBuildConfiguration;
			buildSettings = {
				ALWAYS_SEARCH_USER_PATHS = NO;
				CLANG_ANALYZER_NONNULL = YES;
				CLANG_ANALYZER_NUMBER_OBJECT_CONVERSION = YES_AGGRESSIVE;
				CLANG_CXX_LANGUAGE_STANDARD = "gnu++0x";
				CLANG_CXX_LIBRARY = "libc++";
				CLANG_ENABLE_MODULES = YES;
				CLANG_ENABLE_OBJC_ARC = YES;
				CLANG_WARN_BOOL_CONVERSION = YES;
				CLANG_WARN_CONSTANT_CONVERSION = YES;
				CLANG_WARN_DIRECT_OBJC_ISA_USAGE = YES_ERROR;
				CLANG_WARN_DOCUMENTATION_COMMENTS = YES;
				CLANG_WARN_EMPTY_BODY = YES;
				CLANG_WARN_ENUM_CONVERSION = YES;
				CLANG_WARN_INFINITE_RECURSION = YES;
				CLANG_WARN_INT_CONVERSION = YES;
				CLANG_WARN_OBJC_ROOT_CLASS = YES_ERROR;
				CLANG_WARN_SUSPICIOUS_MOVE = YES;
				CLANG_WARN_UNREACHABLE_CODE = YES;
				CLANG_WARN__DUPLICATE_METHOD_MATCH = YES;
				"CODE_SIGN_IDENTITY[sdk=iphoneos*]" = "iPhone Developer";
				COPY_PHASE_STRIP = NO;
				DEBUG_INFORMATION_FORMAT = dwarf;
				ENABLE_STRICT_OBJC_MSGSEND = YES;
				ENABLE_TESTABILITY = YES;
				GCC_C_LANGUAGE_STANDARD = gnu99;
				GCC_DYNAMIC_NO_PIC = NO;
				GCC_NO_COMMON_BLOCKS = YES;
				GCC_OPTIMIZATION_LEVEL = 0;
				GCC_PREPROCESSOR_DEFINITIONS = (
					"DEBUG=1",
					"$(inherited)",
				);
				GCC_WARN_64_TO_32_BIT_CONVERSION = YES;
				GCC_WARN_ABOUT_RETURN_TYPE = YES_ERROR;
				GCC_WARN_UNDECLARED_SELECTOR = YES;
				GCC_WARN_UNINITIALIZED_AUTOS = YES_AGGRESSIVE;
				GCC_WARN_UNUSED_FUNCTION = YES;
				GCC_WARN_UNUSED_VARIABLE = YES;
				IPHONEOS_DEPLOYMENT_TARGET = 10.3;
				MTL_ENABLE_DEBUG_INFO = YES;
				ONLY_ACTIVE_ARCH = YES;
				SDKROOT = iphoneos;
				SWIFT_ACTIVE_COMPILATION_CONDITIONS = DEBUG;
				SWIFT_OPTIMIZATION_LEVEL = "-Onone";
			};
			name = Debug;
		};
		61F2B1D71ECDFC780007D435 /* Release */ = {
			isa = XCBuildConfiguration;
			buildSettings = {
				ALWAYS_SEARCH_USER_PATHS = NO;
				CLANG_ANALYZER_NONNULL = YES;
				CLANG_ANALYZER_NUMBER_OBJECT_CONVERSION = YES_AGGRESSIVE;
				CLANG_CXX_LANGUAGE_STANDARD = "gnu++0x";
				CLANG_CXX_LIBRARY = "libc++";
				CLANG_ENABLE_MODULES = YES;
				CLANG_ENABLE_OBJC_ARC = YES;
				CLANG_WARN_BOOL_CONVERSION = YES;
				CLANG_WARN_CONSTANT_CONVERSION = YES;
				CLANG_WARN_DIRECT_OBJC_ISA_USAGE = YES_ERROR;
				CLANG_WARN_DOCUMENTATION_COMMENTS = YES;
				CLANG_WARN_EMPTY_BODY = YES;
				CLANG_WARN_ENUM_CONVERSION = YES;
				CLANG_WARN_INFINITE_RECURSION = YES;
				CLANG_WARN_INT_CONVERSION = YES;
				CLANG_WARN_OBJC_ROOT_CLASS = YES_ERROR;
				CLANG_WARN_SUSPICIOUS_MOVE = YES;
				CLANG_WARN_UNREACHABLE_CODE = YES;
				CLANG_WARN__DUPLICATE_METHOD_MATCH = YES;
				"CODE_SIGN_IDENTITY[sdk=iphoneos*]" = "iPhone Developer";
				COPY_PHASE_STRIP = NO;
				DEBUG_INFORMATION_FORMAT = "dwarf-with-dsym";
				ENABLE_NS_ASSERTIONS = NO;
				ENABLE_STRICT_OBJC_MSGSEND = YES;
				GCC_C_LANGUAGE_STANDARD = gnu99;
				GCC_NO_COMMON_BLOCKS = YES;
				GCC_WARN_64_TO_32_BIT_CONVERSION = YES;
				GCC_WARN_ABOUT_RETURN_TYPE = YES_ERROR;
				GCC_WARN_UNDECLARED_SELECTOR = YES;
				GCC_WARN_UNINITIALIZED_AUTOS = YES_AGGRESSIVE;
				GCC_WARN_UNUSED_FUNCTION = YES;
				GCC_WARN_UNUSED_VARIABLE = YES;
				IPHONEOS_DEPLOYMENT_TARGET = 10.3;
				MTL_ENABLE_DEBUG_INFO = NO;
				SDKROOT = iphoneos;
				SWIFT_OPTIMIZATION_LEVEL = "-Owholemodule";
				VALIDATE_PRODUCT = YES;
			};
			name = Release;
		};
		61F2B1D91ECDFC780007D435 /* Debug */ = {
			isa = XCBuildConfiguration;
			baseConfigurationReference = 6D9595E2A838D50F379C887D /* Pods-social.debug.xcconfig */;
			buildSettings = {
				ASSETCATALOG_COMPILER_APPICON_NAME = AppIcon;
				DEVELOPMENT_TEAM = JRARY94VTH;
				INFOPLIST_FILE = social/Info.plist;
				LD_RUNPATH_SEARCH_PATHS = "$(inherited) @executable_path/Frameworks";
				PRODUCT_BUNDLE_IDENTIFIER = com.xcodepractice.social;
				PRODUCT_NAME = "$(TARGET_NAME)";
				SWIFT_VERSION = 3.0;
			};
			name = Debug;
		};
		61F2B1DA1ECDFC780007D435 /* Release */ = {
			isa = XCBuildConfiguration;
			baseConfigurationReference = 218BFF400F663E51748F243E /* Pods-social.release.xcconfig */;
			buildSettings = {
				ASSETCATALOG_COMPILER_APPICON_NAME = AppIcon;
				DEVELOPMENT_TEAM = JRARY94VTH;
				INFOPLIST_FILE = social/Info.plist;
				LD_RUNPATH_SEARCH_PATHS = "$(inherited) @executable_path/Frameworks";
				PRODUCT_BUNDLE_IDENTIFIER = com.xcodepractice.social;
				PRODUCT_NAME = "$(TARGET_NAME)";
				SWIFT_VERSION = 3.0;
			};
			name = Release;
		};
/* End XCBuildConfiguration section */

/* Begin XCConfigurationList section */
		61F2B1C11ECDFC780007D435 /* Build configuration list for PBXProject "social" */ = {
			isa = XCConfigurationList;
			buildConfigurations = (
				61F2B1D61ECDFC780007D435 /* Debug */,
				61F2B1D71ECDFC780007D435 /* Release */,
			);
			defaultConfigurationIsVisible = 0;
			defaultConfigurationName = Release;
		};
		61F2B1D81ECDFC780007D435 /* Build configuration list for PBXNativeTarget "social" */ = {
			isa = XCConfigurationList;
			buildConfigurations = (
				61F2B1D91ECDFC780007D435 /* Debug */,
				61F2B1DA1ECDFC780007D435 /* Release */,
			);
			defaultConfigurationIsVisible = 0;
			defaultConfigurationName = Release;
		};
/* End XCConfigurationList section */
	};
	rootObject = 61F2B1BE1ECDFC780007D435 /* Project object */;
}
